
Microsoft Visual Studio Solution File, Format Version 12.00
# Visual Studio Version 17
VisualStudioVersion = 17.8.34227.203
MinimumVisualStudioVersion = 10.0.40219.1
Project("{9A19103F-16F7-4668-BE54-9A1E7A4F7556}") = "LiteSystemProfiler", "LiteSystemProfiler\LiteSystemProfiler.csproj", "{4E4B1EFD-3149-4CD7-8564-3E70AEB5782B}"
EndProject
Project("{9A19103F-16F7-4668-BE54-9A1E7A4F7556}") = "LiteSystemProfiler.Desktop", "LiteSystemProfiler.Desktop\LiteSystemProfiler.Desktop.csproj", "{3E9BDF08-543B-4650-98D9-6F205255DE89}"
EndProject
Global
	GlobalSection(SolutionConfigurationPlatforms) = preSolution
		Debug|Any CPU = Debug|Any CPU
		Release|Any CPU = Release|Any CPU
	EndGlobalSection
	GlobalSection(ProjectConfigurationPlatforms) = postSolution
		{4E4B1EFD-3149-4CD7-8564-3E70AEB5782B}.Debug|Any CPU.ActiveCfg = Debug|Any CPU
		{4E4B1EFD-3149-4CD7-8564-3E70AEB5782B}.Debug|Any CPU.Build.0 = Debug|Any CPU
		{4E4B1EFD-3149-4CD7-8564-3E70AEB5782B}.Release|Any CPU.ActiveCfg = Release|Any CPU
		{4E4B1EFD-3149-4CD7-8564-3E70AEB5782B}.Release|Any CPU.Build.0 = Release|Any CPU
		{3E9BDF08-543B-4650-98D9-6F205255DE89}.Debug|Any CPU.ActiveCfg = Debug|Any CPU
		{3E9BDF08-543B-4650-98D9-6F205255DE89}.Debug|Any CPU.Build.0 = Debug|Any CPU
		{3E9BDF08-543B-4650-98D9-6F205255DE89}.Release|Any CPU.ActiveCfg = Release|Any CPU
		{3E9BDF08-543B-4650-98D9-6F205255DE89}.Release|Any CPU.Build.0 = Release|Any CPU
	EndGlobalSection
	GlobalSection(SolutionProperties) = preSolution
		HideSolutionNode = FALSE
	EndGlobalSection
	GlobalSection(ExtensibilityGlobals) = postSolution
		SolutionGuid = {26C9087A-9A11-4859-8851-FE35195BE77F}
	EndGlobalSection
EndGlobal
